
Microsoft Visual Studio Solution File, Format Version 12.00
# Visual Studio Version 17
VisualStudioVersion = 17.7.34031.279
MinimumVisualStudioVersion = 10.0.40219.1
Project("{FAE04EC0-301F-11D3-BF4B-00C04F79EFBC}") = "Wpf#1", "Wpf#1\Wpf#1.csproj", "{A31E5477-7FE5-49C3-B12A-18A1883CB91C}"
EndProject
Global
	GlobalSection(SolutionConfigurationPlatforms) = preSolution
		Debug|Any CPU = Debug|Any CPU
		Release|Any CPU = Release|Any CPU
	EndGlobalSection
	GlobalSection(ProjectConfigurationPlatforms) = postSolution
		{A31E5477-7FE5-49C3-B12A-18A1883CB91C}.Debug|Any CPU.ActiveCfg = Debug|Any CPU
		{A31E5477-7FE5-49C3-B12A-18A1883CB91C}.Debug|Any CPU.Build.0 = Debug|Any CPU
		{A31E5477-7FE5-49C3-B12A-18A1883CB91C}.Release|Any CPU.ActiveCfg = Release|Any CPU
		{A31E5477-7FE5-49C3-B12A-18A1883CB91C}.Release|Any CPU.Build.0 = Release|Any CPU
	EndGlobalSection
	GlobalSection(SolutionProperties) = preSolution
		HideSolutionNode = FALSE
	EndGlobalSection
	GlobalSection(ExtensibilityGlobals) = postSolution
		SolutionGuid = {8B6F2DB1-B484-4A5E-B200-348D0C3D30B4}
	EndGlobalSection
EndGlobal
